
Microsoft Visual Studio Solution File, Format Version 12.00
# Visual Studio Version 17
VisualStudioVersion = 17.10.35122.118
MinimumVisualStudioVersion = 10.0.40219.1
Project("{FAE04EC0-301F-11D3-BF4B-00C04F79EFBC}") = "Submission of Regex", "Submission of Regex\Submission of Regex.csproj", "{FD0591FA-34BC-40B6-84ED-1CAD41A99D33}"
EndProject
Global
	GlobalSection(SolutionConfigurationPlatforms) = preSolution
		Debug|Any CPU = Debug|Any CPU
		Release|Any CPU = Release|Any CPU
	EndGlobalSection
	GlobalSection(ProjectConfigurationPlatforms) = postSolution
		{FD0591FA-34BC-40B6-84ED-1CAD41A99D33}.Debug|Any CPU.ActiveCfg = Debug|Any CPU
		{FD0591FA-34BC-40B6-84ED-1CAD41A99D33}.Debug|Any CPU.Build.0 = Debug|Any CPU
		{FD0591FA-34BC-40B6-84ED-1CAD41A99D33}.Release|Any CPU.ActiveCfg = Release|Any CPU
		{FD0591FA-34BC-40B6-84ED-1CAD41A99D33}.Release|Any CPU.Build.0 = Release|Any CPU
	EndGlobalSection
	GlobalSection(SolutionProperties) = preSolution
		HideSolutionNode = FALSE
	EndGlobalSection
	GlobalSection(ExtensibilityGlobals) = postSolution
		SolutionGuid = {C1AF419C-4DE3-45C5-A3ED-28442F5BBEED}
	EndGlobalSection
EndGlobal
