
Microsoft Visual Studio Solution File, Format Version 12.00
# Visual Studio Version 17
VisualStudioVersion = 17.11.35222.181
MinimumVisualStudioVersion = 10.0.40219.1
Project("{FAE04EC0-301F-11D3-BF4B-00C04F79EFBC}") = "DataStructure - LinkedList", "DataStructure - LinkedList\DataStructure - LinkedList.csproj", "{09A08994-07B9-4F8B-87A2-CC58F1A2338D}"
EndProject
Global
	GlobalSection(SolutionConfigurationPlatforms) = preSolution
		Debug|Any CPU = Debug|Any CPU
		Release|Any CPU = Release|Any CPU
	EndGlobalSection
	GlobalSection(ProjectConfigurationPlatforms) = postSolution
		{09A08994-07B9-4F8B-87A2-CC58F1A2338D}.Debug|Any CPU.ActiveCfg = Debug|Any CPU
		{09A08994-07B9-4F8B-87A2-CC58F1A2338D}.Debug|Any CPU.Build.0 = Debug|Any CPU
		{09A08994-07B9-4F8B-87A2-CC58F1A2338D}.Release|Any CPU.ActiveCfg = Release|Any CPU
		{09A08994-07B9-4F8B-87A2-CC58F1A2338D}.Release|Any CPU.Build.0 = Release|Any CPU
	EndGlobalSection
	GlobalSection(SolutionProperties) = preSolution
		HideSolutionNode = FALSE
	EndGlobalSection
	GlobalSection(ExtensibilityGlobals) = postSolution
		SolutionGuid = {8D18089E-5EDC-4815-970B-85AD04758F3F}
	EndGlobalSection
EndGlobal
