
Microsoft Visual Studio Solution File, Format Version 12.00
# Visual Studio Version 17
VisualStudioVersion = 17.13.35806.99 d17.13
MinimumVisualStudioVersion = 10.0.40219.1
Project("{FAE04EC0-301F-11D3-BF4B-00C04F79EFBC}") = "Linear and Binary Search", "Linear and Binary Search\Linear and Binary Search.csproj", "{4A143070-03AE-4B32-8591-0C15F677CCC8}"
EndProject
Global
	GlobalSection(SolutionConfigurationPlatforms) = preSolution
		Debug|Any CPU = Debug|Any CPU
		Release|Any CPU = Release|Any CPU
	EndGlobalSection
	GlobalSection(ProjectConfigurationPlatforms) = postSolution
		{4A143070-03AE-4B32-8591-0C15F677CCC8}.Debug|Any CPU.ActiveCfg = Debug|Any CPU
		{4A143070-03AE-4B32-8591-0C15F677CCC8}.Debug|Any CPU.Build.0 = Debug|Any CPU
		{4A143070-03AE-4B32-8591-0C15F677CCC8}.Release|Any CPU.ActiveCfg = Release|Any CPU
		{4A143070-03AE-4B32-8591-0C15F677CCC8}.Release|Any CPU.Build.0 = Release|Any CPU
	EndGlobalSection
	GlobalSection(SolutionProperties) = preSolution
		HideSolutionNode = FALSE
	EndGlobalSection
	GlobalSection(ExtensibilityGlobals) = postSolution
		SolutionGuid = {00055667-6391-48F8-8F00-01FE89960E6E}
	EndGlobalSection
EndGlobal
